dependencies:
- name: ldap
  repository: oci://registry.cloudogu.com/k8s
  version: 2.6.13-1
- name: usermgt
  repository: oci://registry.cloudogu.com/k8s
  version: 1.21.0-5
- name: cas
  repository: oci://registry.cloudogu.com/k8s
  version: 7.3.7-1
- name: ldap-mapper
  repository: oci://registry.cloudogu.com/k8s
  version: 1.6.2-9
- name: k8s-auth-registration-operator
  repository: oci://registry.cloudogu.com/k8s
  version: 1.1.2
digest: sha256:b281905d447a42c765d7b08454977eb769c008b45d33f82f8773cb936d25671c
generated: "2026-06-26T09:58:36.593966778+02:00"
